
Microsoft Visual Studio Solution File, Format Version 12.00
# Visual Studio Version 16
VisualStudioVersion = 16.0.29905.134
MinimumVisualStudioVersion = 10.0.40219.1
Project("{FAE04EC0-301F-11D3-BF4B-00C04F79EFBC}") = "WebApplication1", "WebApplication1\WebApplication1.csproj", "{90089111-AA7B-4478-87D5-9E9649174804}"
EndProject
Global
	GlobalSection(SolutionConfigurationPlatforms) = preSolution
		Debug|Any CPU = Debug|Any CPU
		Release|Any CPU = Release|Any CPU
	EndGlobalSection
	GlobalSection(ProjectConfigurationPlatforms) = postSolution
		{90089111-AA7B-4478-87D5-9E9649174804}.Debug|Any CPU.ActiveCfg = Debug|Any CPU
		{90089111-AA7B-4478-87D5-9E9649174804}.Debug|Any CPU.Build.0 = Debug|Any CPU
		{90089111-AA7B-4478-87D5-9E9649174804}.Release|Any CPU.ActiveCfg = Release|Any CPU
		{90089111-AA7B-4478-87D5-9E9649174804}.Release|Any CPU.Build.0 = Release|Any CPU
	EndGlobalSection
	GlobalSection(SolutionProperties) = preSolution
		HideSolutionNode = FALSE
	EndGlobalSection
	GlobalSection(ExtensibilityGlobals) = postSolution
		SolutionGuid = {F1447026-FF0B-4744-8116-A7E9748E5092}
	EndGlobalSection
EndGlobal
